# This file is automatically @generated by Cargo.
# It is not intended for manual editing.
[[package]]
name = "assembler"
version = "0.1.0"
dependencies = [
 "wildmatch",
]

[[package]]
name = "wildmatch"
version = "2.1.0"
source = "registry+https://github.com/rust-lang/crates.io-index"
checksum = "d6c48bd20df7e4ced539c12f570f937c6b4884928a87fee70a479d72f031d4e0"
